
Microsoft Visual Studio Solution File, Format Version 12.00
# Visual Studio Version 17
VisualStudioVersion = 17.10.35027.167
MinimumVisualStudioVersion = 10.0.40219.1
Project("{2150E333-8FDC-42A3-9474-1A3956D46DE8}") = "src", "src", "{DA708337-CCBF-44A2-88DB-849D64A87FC9}"
EndProject
Project("{9A19103F-16F7-4668-BE54-9A1E7A4F7556}") = "ERPNextDotNet", "src\ERPNextDotNet\ERPNextDotNet.csproj", "{0381A263-80C6-4AB8-929E-7F463A11402D}"
EndProject
Project("{FAE04EC0-301F-11D3-BF4B-00C04F79EFBC}") = "ERPNextDotNet.Core", "src\ERPNextDotNet.Core\ERPNextDotNet.Core.csproj", "{A0FF6A09-612B-480C-90C5-F50228C1C923}"
EndProject
Global
	GlobalSection(SolutionConfigurationPlatforms) = preSolution
		Debug|Any CPU = Debug|Any CPU
		Release|Any CPU = Release|Any CPU
	EndGlobalSection
	GlobalSection(ProjectConfigurationPlatforms) = postSolution
		{0381A263-80C6-4AB8-929E-7F463A11402D}.Debug|Any CPU.ActiveCfg = Debug|Any CPU
		{0381A263-80C6-4AB8-929E-7F463A11402D}.Debug|Any CPU.Build.0 = Debug|Any CPU
		{0381A263-80C6-4AB8-929E-7F463A11402D}.Release|Any CPU.ActiveCfg = Release|Any CPU
		{0381A263-80C6-4AB8-929E-7F463A11402D}.Release|Any CPU.Build.0 = Release|Any CPU
		{A0FF6A09-612B-480C-90C5-F50228C1C923}.Debug|Any CPU.ActiveCfg = Debug|Any CPU
		{A0FF6A09-612B-480C-90C5-F50228C1C923}.Debug|Any CPU.Build.0 = Debug|Any CPU
		{A0FF6A09-612B-480C-90C5-F50228C1C923}.Release|Any CPU.ActiveCfg = Release|Any CPU
		{A0FF6A09-612B-480C-90C5-F50228C1C923}.Release|Any CPU.Build.0 = Release|Any CPU
	EndGlobalSection
	GlobalSection(SolutionProperties) = preSolution
		HideSolutionNode = FALSE
	EndGlobalSection
	GlobalSection(NestedProjects) = preSolution
		{0381A263-80C6-4AB8-929E-7F463A11402D} = {DA708337-CCBF-44A2-88DB-849D64A87FC9}
		{A0FF6A09-612B-480C-90C5-F50228C1C923} = {DA708337-CCBF-44A2-88DB-849D64A87FC9}
	EndGlobalSection
	GlobalSection(ExtensibilityGlobals) = postSolution
		SolutionGuid = {3B7FEF65-BF74-42F1-B4B0-BC0342C07E97}
	EndGlobalSection
EndGlobal
